github.com/diskfs/go-diskfs v1.9.4 h1:0j2d7eG4IjyxL6+ChWbDPocdBCF6HQ4HBWU2WDYWVnc=
github.com/diskfs/go-diskfs v1.9.4/go.mod h1:TePJORO83Adh5pb2SqsxAwaP0fofFxKLkxctiS/9OQc=
github.com/go-test/deep v1.1.1 h1:0r/53hagsehfO4bzD2Pgr/+RgHqhmf+k1Bpse2cTu1U=
github.com/go-test/deep v1.1.1/go.mod h1:5C2ZWiW0ErCdrYzpqxLbTX7MG14M9iiw8DgHncVwcsE=
github.com/google/uuid v1.6.0 h1:NIvaJDMOsjHA8n1jAhLSgzrAzy1Hgr+hNrb57e+94F0=
github.com/google/uuid v1.6.0/go.mod h1:TIyPZe4MgqvfeYDBFedMoGGpEw/LqOeaOT+nhxU+yHo=
netztronaut.de/go-hfsplus v0.1.0 h1:ghM7AJUoMOCKEBCP1Wh5ngBgA9DqMBiDFUONZRC5Zok=
netztronaut.de/go-hfsplus v0.1.0/go.mod h1:AkICSKm/7jH3iMPi6rQ/qEGHmXiP9v3dieGaMIyfdnA=
